
Microsoft Visual Studio Solution File, Format Version 12.00
# Visual Studio Version 16
VisualStudioVersion = 16.0.33927.289
MinimumVisualStudioVersion = 10.0.40219.1
Project("{FAE04EC0-301F-11D3-BF4B-00C04F79EFBC}") = "mvcapp", "mvcapp\mvcapp.csproj", "{1F4539EC-2531-469A-B9B2-16454B77989D}"
EndProject
Project("{FAE04EC0-301F-11D3-BF4B-00C04F79EFBC}") = "console", "console\console.csproj", "{B161903D-8273-4C05-8AA1-6E82DB661448}"
EndProject
Global
	GlobalSection(SolutionConfigurationPlatforms) = preSolution
		Debug|Any CPU = Debug|Any CPU
		Release|Any CPU = Release|Any CPU
	EndGlobalSection
	GlobalSection(ProjectConfigurationPlatforms) = postSolution
		{1F4539EC-2531-469A-B9B2-16454B77989D}.Debug|Any CPU.ActiveCfg = Debug|Any CPU
		{1F4539EC-2531-469A-B9B2-16454B77989D}.Debug|Any CPU.Build.0 = Debug|Any CPU
		{1F4539EC-2531-469A-B9B2-16454B77989D}.Release|Any CPU.ActiveCfg = Release|Any CPU
		{1F4539EC-2531-469A-B9B2-16454B77989D}.Release|Any CPU.Build.0 = Release|Any CPU
		{B161903D-8273-4C05-8AA1-6E82DB661448}.Debug|Any CPU.ActiveCfg = Debug|Any CPU
		{B161903D-8273-4C05-8AA1-6E82DB661448}.Debug|Any CPU.Build.0 = Debug|Any CPU
		{B161903D-8273-4C05-8AA1-6E82DB661448}.Release|Any CPU.ActiveCfg = Release|Any CPU
		{B161903D-8273-4C05-8AA1-6E82DB661448}.Release|Any CPU.Build.0 = Release|Any CPU
	EndGlobalSection
	GlobalSection(SolutionProperties) = preSolution
		HideSolutionNode = FALSE
	EndGlobalSection
	GlobalSection(ExtensibilityGlobals) = postSolution
		SolutionGuid = {F39AE0E3-AA00-43ED-8BE2-CFE4D2B20A19}
	EndGlobalSection
EndGlobal
